
Microsoft Visual Studio Solution File, Format Version 12.00
# Visual Studio Version 17
VisualStudioVersion = 17.8.34511.84
MinimumVisualStudioVersion = 10.0.40219.1
Project("{9A19103F-16F7-4668-BE54-9A1E7A4F7556}") = "SPay.API", "SPay.API\SPay.API.csproj", "{C454CDC2-6B0E-4B27-9B44-CFA4D5564B81}"
EndProject
Project("{9A19103F-16F7-4668-BE54-9A1E7A4F7556}") = "SPay.BO", "SPay.BO\SPay.BO.csproj", "{B61EE9F0-E3EB-4B9F-A4F7-ABDEACF27F3F}"
EndProject
Project("{9A19103F-16F7-4668-BE54-9A1E7A4F7556}") = "SPay.BO", "SPay.Service\SPay.Service.csproj", "{0A473E4D-2B55-4A57-92CB-06164465352F}"
EndProject
Project("{9A19103F-16F7-4668-BE54-9A1E7A4F7556}") = "SPay.DAO", "SPay.DAO\SPay.DAO.csproj", "{CE4D0611-65EE-4CBC-A168-23DDABC26164}"
EndProject
Project("{9A19103F-16F7-4668-BE54-9A1E7A4F7556}") = "SPay.Repository", "SPay.Repository\SPay.Repository.csproj", "{71E5DB85-2750-401C-B9B4-6B5099A42E59}"
EndProject
Project("{2150E333-8FDC-42A3-9474-1A3956D46DE8}") = "src", "src", "{96BA3402-8C53-4712-8510-BDBA8E2D1018}"
EndProject
Global
	GlobalSection(SolutionConfigurationPlatforms) = preSolution
		Debug|Any CPU = Debug|Any CPU
		Release|Any CPU = Release|Any CPU
	EndGlobalSection
	GlobalSection(ProjectConfigurationPlatforms) = postSolution
		{C454CDC2-6B0E-4B27-9B44-CFA4D5564B81}.Debug|Any CPU.ActiveCfg = Debug|Any CPU
		{C454CDC2-6B0E-4B27-9B44-CFA4D5564B81}.Debug|Any CPU.Build.0 = Debug|Any CPU
		{C454CDC2-6B0E-4B27-9B44-CFA4D5564B81}.Release|Any CPU.ActiveCfg = Release|Any CPU
		{C454CDC2-6B0E-4B27-9B44-CFA4D5564B81}.Release|Any CPU.Build.0 = Release|Any CPU
		{B61EE9F0-E3EB-4B9F-A4F7-ABDEACF27F3F}.Debug|Any CPU.ActiveCfg = Debug|Any CPU
		{B61EE9F0-E3EB-4B9F-A4F7-ABDEACF27F3F}.Debug|Any CPU.Build.0 = Debug|Any CPU
		{B61EE9F0-E3EB-4B9F-A4F7-ABDEACF27F3F}.Release|Any CPU.ActiveCfg = Release|Any CPU
		{B61EE9F0-E3EB-4B9F-A4F7-ABDEACF27F3F}.Release|Any CPU.Build.0 = Release|Any CPU
		{0A473E4D-2B55-4A57-92CB-06164465352F}.Debug|Any CPU.ActiveCfg = Debug|Any CPU
		{0A473E4D-2B55-4A57-92CB-06164465352F}.Debug|Any CPU.Build.0 = Debug|Any CPU
		{0A473E4D-2B55-4A57-92CB-06164465352F}.Release|Any CPU.ActiveCfg = Release|Any CPU
		{0A473E4D-2B55-4A57-92CB-06164465352F}.Release|Any CPU.Build.0 = Release|Any CPU
		{CE4D0611-65EE-4CBC-A168-23DDABC26164}.Debug|Any CPU.ActiveCfg = Debug|Any CPU
		{CE4D0611-65EE-4CBC-A168-23DDABC26164}.Debug|Any CPU.Build.0 = Debug|Any CPU
		{CE4D0611-65EE-4CBC-A168-23DDABC26164}.Release|Any CPU.ActiveCfg = Release|Any CPU
		{CE4D0611-65EE-4CBC-A168-23DDABC26164}.Release|Any CPU.Build.0 = Release|Any CPU
		{71E5DB85-2750-401C-B9B4-6B5099A42E59}.Debug|Any CPU.ActiveCfg = Debug|Any CPU
		{71E5DB85-2750-401C-B9B4-6B5099A42E59}.Debug|Any CPU.Build.0 = Debug|Any CPU
		{71E5DB85-2750-401C-B9B4-6B5099A42E59}.Release|Any CPU.ActiveCfg = Release|Any CPU
		{71E5DB85-2750-401C-B9B4-6B5099A42E59}.Release|Any CPU.Build.0 = Release|Any CPU
	EndGlobalSection
	GlobalSection(SolutionProperties) = preSolution
		HideSolutionNode = FALSE
	EndGlobalSection
	GlobalSection(NestedProjects) = preSolution
		{C454CDC2-6B0E-4B27-9B44-CFA4D5564B81} = {96BA3402-8C53-4712-8510-BDBA8E2D1018}
		{B61EE9F0-E3EB-4B9F-A4F7-ABDEACF27F3F} = {96BA3402-8C53-4712-8510-BDBA8E2D1018}
		{0A473E4D-2B55-4A57-92CB-06164465352F} = {96BA3402-8C53-4712-8510-BDBA8E2D1018}
		{CE4D0611-65EE-4CBC-A168-23DDABC26164} = {96BA3402-8C53-4712-8510-BDBA8E2D1018}
		{71E5DB85-2750-401C-B9B4-6B5099A42E59} = {96BA3402-8C53-4712-8510-BDBA8E2D1018}
	EndGlobalSection
	GlobalSection(ExtensibilityGlobals) = postSolution
		SolutionGuid = {CD675F90-10B6-47D8-AD0B-CF153FAFBC6F}
	EndGlobalSection
EndGlobal
